
Microsoft Visual Studio Solution File, Format Version 12.00
# Visual Studio 15
VisualStudioVersion = 15.0.27428.2027
MinimumVisualStudioVersion = 10.0.40219.1
Project("{FAE04EC0-301F-11D3-BF4B-00C04F79EFBC}") = "WebApplication6", "WebApplication6\WebApplication6.csproj", "{683EAC57-B02A-4FC6-97C6-EF4018B032D0}"
EndProject
Global
	GlobalSection(SolutionConfigurationPlatforms) = preSolution
		Debug|Any CPU = Debug|Any CPU
		Release|Any CPU = Release|Any CPU
	EndGlobalSection
	GlobalSection(ProjectConfigurationPlatforms) = postSolution
		{683EAC57-B02A-4FC6-97C6-EF4018B032D0}.Debug|Any CPU.ActiveCfg = Debug|Any CPU
		{683EAC57-B02A-4FC6-97C6-EF4018B032D0}.Debug|Any CPU.Build.0 = Debug|Any CPU
		{683EAC57-B02A-4FC6-97C6-EF4018B032D0}.Release|Any CPU.ActiveCfg = Release|Any CPU
		{683EAC57-B02A-4FC6-97C6-EF4018B032D0}.Release|Any CPU.Build.0 = Release|Any CPU
	EndGlobalSection
	GlobalSection(SolutionProperties) = preSolution
		HideSolutionNode = FALSE
	EndGlobalSection
	GlobalSection(ExtensibilityGlobals) = postSolution
		SolutionGuid = {BA240071-59BE-4A1A-BD18-7360AF90024A}
	EndGlobalSection
EndGlobal
